
Microsoft Visual Studio Solution File, Format Version 12.00
# Visual Studio Version 16
VisualStudioVersion = 16.0.31005.135
MinimumVisualStudioVersion = 15.0.26124.0
Project("{2150E333-8FDC-42A3-9474-1A3956D46DE8}") = "src", "src", "{F8D5F813-D19C-4A0B-8BFD-C3DAD0AD564D}"
EndProject
Project("{9A19103F-16F7-4668-BE54-9A1E7A4F7556}") = "TypeInAssembly", "src\TypeInAssembly\TypeInAssembly.csproj", "{0D457529-EDD6-4C17-B8F7-9C4F0E015B09}"
EndProject
Project("{FAE04EC0-301F-11D3-BF4B-00C04F79EFBC}") = "TypeForward", "TypeForward\TypeForward.csproj", "{BDC43BDE-377C-4E12-984B-BB0385A7E52F}"
EndProject
Project("{2150E333-8FDC-42A3-9474-1A3956D46DE8}") = "Retargetable", "Retargetable", "{2973B278-EB8C-456D-B5B7-3D4E060E5532}"
EndProject
Project("{FAE04EC0-301F-11D3-BF4B-00C04F79EFBC}") = "Foo", "..\Foo\Foo.csproj", "{0B2E7D2A-1E0F-4FC4-B65F-EACD1831AEA2}"
EndProject
Project("{FAE04EC0-301F-11D3-BF4B-00C04F79EFBC}") = "FooApp", "..\FooApp\FooApp.csproj", "{5C3DB411-213A-400B-ACD8-B445374865A8}"
EndProject
Project("{2150E333-8FDC-42A3-9474-1A3956D46DE8}") = "NetStandardLib", "NetStandardLib", "{8426CB35-2645-4641-8065-6C78B0D8ACB0}"
EndProject
Project("{FAE04EC0-301F-11D3-BF4B-00C04F79EFBC}") = "NetStandardLib", "..\NetStandardLib\NetStandardLib.csproj", "{814A0D13-8E67-4457-8A01-F741C21043D1}"
EndProject
Project("{FAE04EC0-301F-11D3-BF4B-00C04F79EFBC}") = "NetApp", "..\NetApp\NetApp.csproj", "{1F7FDFB5-3488-4209-823D-4D702BB694E1}"
EndProject
Project("{FAE04EC0-301F-11D3-BF4B-00C04F79EFBC}") = "NetCoreApp", "..\NetCoreApp\NetCoreApp.csproj", "{9D57E679-01A5-4202-8225-762CE96EC762}"
EndProject
Global
	GlobalSection(SolutionConfigurationPlatforms) = preSolution
		Debug|Any CPU = Debug|Any CPU
		Debug|x64 = Debug|x64
		Debug|x86 = Debug|x86
		Release|Any CPU = Release|Any CPU
		Release|x64 = Release|x64
		Release|x86 = Release|x86
	EndGlobalSection
	GlobalSection(ProjectConfigurationPlatforms) = postSolution
		{0D457529-EDD6-4C17-B8F7-9C4F0E015B09}.Debug|Any CPU.ActiveCfg = Debug|Any CPU
		{0D457529-EDD6-4C17-B8F7-9C4F0E015B09}.Debug|Any CPU.Build.0 = Debug|Any CPU
		{0D457529-EDD6-4C17-B8F7-9C4F0E015B09}.Debug|x64.ActiveCfg = Debug|Any CPU
		{0D457529-EDD6-4C17-B8F7-9C4F0E015B09}.Debug|x64.Build.0 = Debug|Any CPU
		{0D457529-EDD6-4C17-B8F7-9C4F0E015B09}.Debug|x86.ActiveCfg = Debug|Any CPU
		{0D457529-EDD6-4C17-B8F7-9C4F0E015B09}.Debug|x86.Build.0 = Debug|Any CPU
		{0D457529-EDD6-4C17-B8F7-9C4F0E015B09}.Release|Any CPU.ActiveCfg = Release|Any CPU
		{0D457529-EDD6-4C17-B8F7-9C4F0E015B09}.Release|Any CPU.Build.0 = Release|Any CPU
		{0D457529-EDD6-4C17-B8F7-9C4F0E015B09}.Release|x64.ActiveCfg = Release|Any CPU
		{0D457529-EDD6-4C17-B8F7-9C4F0E015B09}.Release|x64.Build.0 = Release|Any CPU
		{0D457529-EDD6-4C17-B8F7-9C4F0E015B09}.Release|x86.ActiveCfg = Release|Any CPU
		{0D457529-EDD6-4C17-B8F7-9C4F0E015B09}.Release|x86.Build.0 = Release|Any CPU
		{BDC43BDE-377C-4E12-984B-BB0385A7E52F}.Debug|Any CPU.ActiveCfg = Debug|Any CPU
		{BDC43BDE-377C-4E12-984B-BB0385A7E52F}.Debug|Any CPU.Build.0 = Debug|Any CPU
		{BDC43BDE-377C-4E12-984B-BB0385A7E52F}.Debug|x64.ActiveCfg = Debug|Any CPU
		{BDC43BDE-377C-4E12-984B-BB0385A7E52F}.Debug|x64.Build.0 = Debug|Any CPU
		{BDC43BDE-377C-4E12-984B-BB0385A7E52F}.Debug|x86.ActiveCfg = Debug|Any CPU
		{BDC43BDE-377C-4E12-984B-BB0385A7E52F}.Debug|x86.Build.0 = Debug|Any CPU
		{BDC43BDE-377C-4E12-984B-BB0385A7E52F}.Release|Any CPU.ActiveCfg = Release|Any CPU
		{BDC43BDE-377C-4E12-984B-BB0385A7E52F}.Release|Any CPU.Build.0 = Release|Any CPU
		{BDC43BDE-377C-4E12-984B-BB0385A7E52F}.Release|x64.ActiveCfg = Release|Any CPU
		{BDC43BDE-377C-4E12-984B-BB0385A7E52F}.Release|x64.Build.0 = Release|Any CPU
		{BDC43BDE-377C-4E12-984B-BB0385A7E52F}.Release|x86.ActiveCfg = Release|Any CPU
		{BDC43BDE-377C-4E12-984B-BB0385A7E52F}.Release|x86.Build.0 = Release|Any CPU
		{0B2E7D2A-1E0F-4FC4-B65F-EACD1831AEA2}.Debug|Any CPU.ActiveCfg = Debug|Any CPU
		{0B2E7D2A-1E0F-4FC4-B65F-EACD1831AEA2}.Debug|Any CPU.Build.0 = Debug|Any CPU
		{0B2E7D2A-1E0F-4FC4-B65F-EACD1831AEA2}.Debug|x64.ActiveCfg = Debug|Any CPU
		{0B2E7D2A-1E0F-4FC4-B65F-EACD1831AEA2}.Debug|x64.Build.0 = Debug|Any CPU
		{0B2E7D2A-1E0F-4FC4-B65F-EACD1831AEA2}.Debug|x86.ActiveCfg = Debug|Any CPU
		{0B2E7D2A-1E0F-4FC4-B65F-EACD1831AEA2}.Debug|x86.Build.0 = Debug|Any CPU
		{0B2E7D2A-1E0F-4FC4-B65F-EACD1831AEA2}.Release|Any CPU.ActiveCfg = Release|Any CPU
		{0B2E7D2A-1E0F-4FC4-B65F-EACD1831AEA2}.Release|Any CPU.Build.0 = Release|Any CPU
		{0B2E7D2A-1E0F-4FC4-B65F-EACD1831AEA2}.Release|x64.ActiveCfg = Release|Any CPU
		{0B2E7D2A-1E0F-4FC4-B65F-EACD1831AEA2}.Release|x64.Build.0 = Release|Any CPU
		{0B2E7D2A-1E0F-4FC4-B65F-EACD1831AEA2}.Release|x86.ActiveCfg = Release|Any CPU
		{0B2E7D2A-1E0F-4FC4-B65F-EACD1831AEA2}.Release|x86.Build.0 = Release|Any CPU
		{5C3DB411-213A-400B-ACD8-B445374865A8}.Debug|Any CPU.ActiveCfg = Debug|Any CPU
		{5C3DB411-213A-400B-ACD8-B445374865A8}.Debug|Any CPU.Build.0 = Debug|Any CPU
		{5C3DB411-213A-400B-ACD8-B445374865A8}.Debug|x64.ActiveCfg = Debug|Any CPU
		{5C3DB411-213A-400B-ACD8-B445374865A8}.Debug|x64.Build.0 = Debug|Any CPU
		{5C3DB411-213A-400B-ACD8-B445374865A8}.Debug|x86.ActiveCfg = Debug|Any CPU
		{5C3DB411-213A-400B-ACD8-B445374865A8}.Debug|x86.Build.0 = Debug|Any CPU
		{5C3DB411-213A-400B-ACD8-B445374865A8}.Release|Any CPU.ActiveCfg = Release|Any CPU
		{5C3DB411-213A-400B-ACD8-B445374865A8}.Release|Any CPU.Build.0 = Release|Any CPU
		{5C3DB411-213A-400B-ACD8-B445374865A8}.Release|x64.ActiveCfg = Release|Any CPU
		{5C3DB411-213A-400B-ACD8-B445374865A8}.Release|x64.Build.0 = Release|Any CPU
		{5C3DB411-213A-400B-ACD8-B445374865A8}.Release|x86.ActiveCfg = Release|Any CPU
		{5C3DB411-213A-400B-ACD8-B445374865A8}.Release|x86.Build.0 = Release|Any CPU
		{814A0D13-8E67-4457-8A01-F741C21043D1}.Debug|Any CPU.ActiveCfg = Debug|Any CPU
		{814A0D13-8E67-4457-8A01-F741C21043D1}.Debug|Any CPU.Build.0 = Debug|Any CPU
		{814A0D13-8E67-4457-8A01-F741C21043D1}.Debug|x64.ActiveCfg = Debug|Any CPU
		{814A0D13-8E67-4457-8A01-F741C21043D1}.Debug|x64.Build.0 = Debug|Any CPU
		{814A0D13-8E67-4457-8A01-F741C21043D1}.Debug|x86.ActiveCfg = Debug|Any CPU
		{814A0D13-8E67-4457-8A01-F741C21043D1}.Debug|x86.Build.0 = Debug|Any CPU
		{814A0D13-8E67-4457-8A01-F741C21043D1}.Release|Any CPU.ActiveCfg = Release|Any CPU
		{814A0D13-8E67-4457-8A01-F741C21043D1}.Release|Any CPU.Build.0 = Release|Any CPU
		{814A0D13-8E67-4457-8A01-F741C21043D1}.Release|x64.ActiveCfg = Release|Any CPU
		{814A0D13-8E67-4457-8A01-F741C21043D1}.Release|x64.Build.0 = Release|Any CPU
		{814A0D13-8E67-4457-8A01-F741C21043D1}.Release|x86.ActiveCfg = Release|Any CPU
		{814A0D13-8E67-4457-8A01-F741C21043D1}.Release|x86.Build.0 = Release|Any CPU
		{1F7FDFB5-3488-4209-823D-4D702BB694E1}.Debug|Any CPU.ActiveCfg = Debug|Any CPU
		{1F7FDFB5-3488-4209-823D-4D702BB694E1}.Debug|Any CPU.Build.0 = Debug|Any CPU
		{1F7FDFB5-3488-4209-823D-4D702BB694E1}.Debug|x64.ActiveCfg = Debug|Any CPU
		{1F7FDFB5-3488-4209-823D-4D702BB694E1}.Debug|x64.Build.0 = Debug|Any CPU
		{1F7FDFB5-3488-4209-823D-4D702BB694E1}.Debug|x86.ActiveCfg = Debug|Any CPU
		{1F7FDFB5-3488-4209-823D-4D702BB694E1}.Debug|x86.Build.0 = Debug|Any CPU
		{1F7FDFB5-3488-4209-823D-4D702BB694E1}.Release|Any CPU.ActiveCfg = Release|Any CPU
		{1F7FDFB5-3488-4209-823D-4D702BB694E1}.Release|Any CPU.Build.0 = Release|Any CPU
		{1F7FDFB5-3488-4209-823D-4D702BB694E1}.Release|x64.ActiveCfg = Release|Any CPU
		{1F7FDFB5-3488-4209-823D-4D702BB694E1}.Release|x64.Build.0 = Release|Any CPU
		{1F7FDFB5-3488-4209-823D-4D702BB694E1}.Release|x86.ActiveCfg = Release|Any CPU
		{1F7FDFB5-3488-4209-823D-4D702BB694E1}.Release|x86.Build.0 = Release|Any CPU
		{9D57E679-01A5-4202-8225-762CE96EC762}.Debug|Any CPU.ActiveCfg = Debug|Any CPU
		{9D57E679-01A5-4202-8225-762CE96EC762}.Debug|Any CPU.Build.0 = Debug|Any CPU
		{9D57E679-01A5-4202-8225-762CE96EC762}.Debug|x64.ActiveCfg = Debug|Any CPU
		{9D57E679-01A5-4202-8225-762CE96EC762}.Debug|x64.Build.0 = Debug|Any CPU
		{9D57E679-01A5-4202-8225-762CE96EC762}.Debug|x86.ActiveCfg = Debug|Any CPU
		{9D57E679-01A5-4202-8225-762CE96EC762}.Debug|x86.Build.0 = Debug|Any CPU
		{9D57E679-01A5-4202-8225-762CE96EC762}.Release|Any CPU.ActiveCfg = Release|Any CPU
		{9D57E679-01A5-4202-8225-762CE96EC762}.Release|Any CPU.Build.0 = Release|Any CPU
		{9D57E679-01A5-4202-8225-762CE96EC762}.Release|x64.ActiveCfg = Release|Any CPU
		{9D57E679-01A5-4202-8225-762CE96EC762}.Release|x64.Build.0 = Release|Any CPU
		{9D57E679-01A5-4202-8225-762CE96EC762}.Release|x86.ActiveCfg = Release|Any CPU
		{9D57E679-01A5-4202-8225-762CE96EC762}.Release|x86.Build.0 = Release|Any CPU
	EndGlobalSection
	GlobalSection(SolutionProperties) = preSolution
		HideSolutionNode = FALSE
	EndGlobalSection
	GlobalSection(NestedProjects) = preSolution
		{0D457529-EDD6-4C17-B8F7-9C4F0E015B09} = {F8D5F813-D19C-4A0B-8BFD-C3DAD0AD564D}
		{BDC43BDE-377C-4E12-984B-BB0385A7E52F} = {F8D5F813-D19C-4A0B-8BFD-C3DAD0AD564D}
		{2973B278-EB8C-456D-B5B7-3D4E060E5532} = {F8D5F813-D19C-4A0B-8BFD-C3DAD0AD564D}
		{0B2E7D2A-1E0F-4FC4-B65F-EACD1831AEA2} = {2973B278-EB8C-456D-B5B7-3D4E060E5532}
		{5C3DB411-213A-400B-ACD8-B445374865A8} = {2973B278-EB8C-456D-B5B7-3D4E060E5532}
		{8426CB35-2645-4641-8065-6C78B0D8ACB0} = {F8D5F813-D19C-4A0B-8BFD-C3DAD0AD564D}
		{814A0D13-8E67-4457-8A01-F741C21043D1} = {8426CB35-2645-4641-8065-6C78B0D8ACB0}
		{1F7FDFB5-3488-4209-823D-4D702BB694E1} = {8426CB35-2645-4641-8065-6C78B0D8ACB0}
		{9D57E679-01A5-4202-8225-762CE96EC762} = {8426CB35-2645-4641-8065-6C78B0D8ACB0}
	EndGlobalSection
	GlobalSection(ExtensibilityGlobals) = postSolution
		SolutionGuid = {12C46CED-8DB0-4BF7-A663-E89B9DFDDA1F}
	EndGlobalSection
EndGlobal
