
Microsoft Visual Studio Solution File, Format Version 12.00
# Visual Studio 15
VisualStudioVersion = 15.0.26124.0
MinimumVisualStudioVersion = 15.0.26124.0
Project("{2150E333-8FDC-42A3-9474-1A3956D46DE8}") = "src", "src", "{B035B47B-8245-4923-A7A7-61327C6F0B18}"
EndProject
Project("{FAE04EC0-301F-11D3-BF4B-00C04F79EFBC}") = "helloworld", "src\helloworld\helloworld.csproj", "{5095EC7F-7F8A-4C71-8823-75A4168981DE}"
EndProject
Global
	GlobalSection(SolutionConfigurationPlatforms) = preSolution
		Debug|Any CPU = Debug|Any CPU
		Debug|x64 = Debug|x64
		Debug|x86 = Debug|x86
		Release|Any CPU = Release|Any CPU
		Release|x64 = Release|x64
		Release|x86 = Release|x86
	EndGlobalSection
	GlobalSection(SolutionProperties) = preSolution
		HideSolutionNode = FALSE
	EndGlobalSection
	GlobalSection(ProjectConfigurationPlatforms) = postSolution
		{5095EC7F-7F8A-4C71-8823-75A4168981DE}.Debug|Any CPU.ActiveCfg = Debug|Any CPU
		{5095EC7F-7F8A-4C71-8823-75A4168981DE}.Debug|Any CPU.Build.0 = Debug|Any CPU
		{5095EC7F-7F8A-4C71-8823-75A4168981DE}.Debug|x64.ActiveCfg = Debug|Any CPU
		{5095EC7F-7F8A-4C71-8823-75A4168981DE}.Debug|x64.Build.0 = Debug|Any CPU
		{5095EC7F-7F8A-4C71-8823-75A4168981DE}.Debug|x86.ActiveCfg = Debug|Any CPU
		{5095EC7F-7F8A-4C71-8823-75A4168981DE}.Debug|x86.Build.0 = Debug|Any CPU
		{5095EC7F-7F8A-4C71-8823-75A4168981DE}.Release|Any CPU.ActiveCfg = Release|Any CPU
		{5095EC7F-7F8A-4C71-8823-75A4168981DE}.Release|Any CPU.Build.0 = Release|Any CPU
		{5095EC7F-7F8A-4C71-8823-75A4168981DE}.Release|x64.ActiveCfg = Release|Any CPU
		{5095EC7F-7F8A-4C71-8823-75A4168981DE}.Release|x64.Build.0 = Release|Any CPU
		{5095EC7F-7F8A-4C71-8823-75A4168981DE}.Release|x86.ActiveCfg = Release|Any CPU
		{5095EC7F-7F8A-4C71-8823-75A4168981DE}.Release|x86.Build.0 = Release|Any CPU
	EndGlobalSection
	GlobalSection(NestedProjects) = preSolution
		{5095EC7F-7F8A-4C71-8823-75A4168981DE} = {B035B47B-8245-4923-A7A7-61327C6F0B18}
	EndGlobalSection
EndGlobal
